
Microsoft Visual Studio Solution File, Format Version 12.00
# Visual Studio Version 16
VisualStudioVersion = 16.0.31624.102
MinimumVisualStudioVersion = 10.0.40219.1
Project("{FAE04EC0-301F-11D3-BF4B-00C04F79EFBC}") = "adv_cod1", "adv_cod1\adv_cod1.csproj", "{23950F02-173F-4484-8C6C-1AAF9AA3BFA3}"
EndProject
Global
	GlobalSection(SolutionConfigurationPlatforms) = preSolution
		Debug|Any CPU = Debug|Any CPU
		Release|Any CPU = Release|Any CPU
	EndGlobalSection
	GlobalSection(ProjectConfigurationPlatforms) = postSolution
		{23950F02-173F-4484-8C6C-1AAF9AA3BFA3}.Debug|Any CPU.ActiveCfg = Debug|Any CPU
		{23950F02-173F-4484-8C6C-1AAF9AA3BFA3}.Debug|Any CPU.Build.0 = Debug|Any CPU
		{23950F02-173F-4484-8C6C-1AAF9AA3BFA3}.Release|Any CPU.ActiveCfg = Release|Any CPU
		{23950F02-173F-4484-8C6C-1AAF9AA3BFA3}.Release|Any CPU.Build.0 = Release|Any CPU
	EndGlobalSection
	GlobalSection(SolutionProperties) = preSolution
		HideSolutionNode = FALSE
	EndGlobalSection
	GlobalSection(ExtensibilityGlobals) = postSolution
		SolutionGuid = {98EFFBA6-0FBA-4C82-A1ED-1A86D89A8E16}
	EndGlobalSection
EndGlobal
