
Microsoft Visual Studio Solution File, Format Version 12.00
# Visual Studio Version 16
VisualStudioVersion = 16.0.31624.102
MinimumVisualStudioVersion = 10.0.40219.1
Project("{FAE04EC0-301F-11D3-BF4B-00C04F79EFBC}") = "adv_cod1", "adv_cod1\adv_cod1.csproj", "{23950F02-173F-4484-8C6C-1AAF9AA3BFA3}"
EndProject
Project("{FAE04EC0-301F-11D3-BF4B-00C04F79EFBC}") = "adv_cod2", "adv_cod2\adv_cod2.csproj", "{A770F3BC-5AEE-4285-B201-218DF6A34650}"
EndProject
Project("{FAE04EC0-301F-11D3-BF4B-00C04F79EFBC}") = "adv_cod3", "adv_cod3\adv_cod3.csproj", "{1A266DF2-46CE-4A9E-872C-5A2C37AF619D}"
EndProject
Project("{FAE04EC0-301F-11D3-BF4B-00C04F79EFBC}") = "adv_cod4", "adv_cod4\adv_cod4.csproj", "{B7D7D0A7-3926-4E13-882C-4FEF61982367}"
EndProject
Global
	GlobalSection(SolutionConfigurationPlatforms) = preSolution
		Debug|Any CPU = Debug|Any CPU
		Release|Any CPU = Release|Any CPU
	EndGlobalSection
	GlobalSection(ProjectConfigurationPlatforms) = postSolution
		{23950F02-173F-4484-8C6C-1AAF9AA3BFA3}.Debug|Any CPU.ActiveCfg = Debug|Any CPU
		{23950F02-173F-4484-8C6C-1AAF9AA3BFA3}.Debug|Any CPU.Build.0 = Debug|Any CPU
		{23950F02-173F-4484-8C6C-1AAF9AA3BFA3}.Release|Any CPU.ActiveCfg = Release|Any CPU
		{23950F02-173F-4484-8C6C-1AAF9AA3BFA3}.Release|Any CPU.Build.0 = Release|Any CPU
		{A770F3BC-5AEE-4285-B201-218DF6A34650}.Debug|Any CPU.ActiveCfg = Debug|Any CPU
		{A770F3BC-5AEE-4285-B201-218DF6A34650}.Debug|Any CPU.Build.0 = Debug|Any CPU
		{A770F3BC-5AEE-4285-B201-218DF6A34650}.Release|Any CPU.ActiveCfg = Release|Any CPU
		{A770F3BC-5AEE-4285-B201-218DF6A34650}.Release|Any CPU.Build.0 = Release|Any CPU
		{1A266DF2-46CE-4A9E-872C-5A2C37AF619D}.Debug|Any CPU.ActiveCfg = Debug|Any CPU
		{1A266DF2-46CE-4A9E-872C-5A2C37AF619D}.Debug|Any CPU.Build.0 = Debug|Any CPU
		{1A266DF2-46CE-4A9E-872C-5A2C37AF619D}.Release|Any CPU.ActiveCfg = Release|Any CPU
		{1A266DF2-46CE-4A9E-872C-5A2C37AF619D}.Release|Any CPU.Build.0 = Release|Any CPU
		{B7D7D0A7-3926-4E13-882C-4FEF61982367}.Debug|Any CPU.ActiveCfg = Debug|Any CPU
		{B7D7D0A7-3926-4E13-882C-4FEF61982367}.Debug|Any CPU.Build.0 = Debug|Any CPU
		{B7D7D0A7-3926-4E13-882C-4FEF61982367}.Release|Any CPU.ActiveCfg = Release|Any CPU
		{B7D7D0A7-3926-4E13-882C-4FEF61982367}.Release|Any CPU.Build.0 = Release|Any CPU
	EndGlobalSection
	GlobalSection(SolutionProperties) = preSolution
		HideSolutionNode = FALSE
	EndGlobalSection
	GlobalSection(ExtensibilityGlobals) = postSolution
		SolutionGuid = {98EFFBA6-0FBA-4C82-A1ED-1A86D89A8E16}
	EndGlobalSection
EndGlobal
